// !$*UTF8*$!
{
	archiveVersion = 1;
	classes = {
	};
	objectVersion = 50;
	objects = {

/* Begin PBXBuildFile section */
		6F8C70035F53864B0666453D /* Pods_WXMessageKitExample.framework in Frameworks */ = {isa = PBXBuildFile; fileRef = 959B31C05316AA194874271B /* Pods_WXMessageKitExample.framework */; };
		A3F89C6C2410D13D00202710 /* AppDelegate.swift in Sources */ = {isa = PBXBuildFile; fileRef = A3F89C6B2410D13D00202710 /* AppDelegate.swift */; };
		A3F89C6E2410D13D00202710 /* SceneDelegate.swift in Sources */ = {isa = PBXBuildFile; fileRef = A3F89C6D2410D13D00202710 /* SceneDelegate.swift */; };
		A3F89C702410D13D00202710 /* ViewController.swift in Sources */ = {isa = PBXBuildFile; fileRef = A3F89C6F2410D13D00202710 /* ViewController.swift */; };
		A3F89C732410D13D00202710 /* Main.storyboard in Resources */ = {isa = PBXBuildFile; fileRef = A3F89C712410D13D00202710 /* Main.storyboard */; };
		A3F89C752410D14000202710 /* Assets.xcassets in Resources */ = {isa = PBXBuildFile; fileRef = A3F89C742410D14000202710 /* Assets.xcassets */; };
		A3F89C782410D14000202710 /* LaunchScreen.storyboard in Resources */ = {isa = PBXBuildFile; fileRef = A3F89C762410D14000202710 /* LaunchScreen.storyboard */; };
/* End PBXBuildFile section */

/* Begin PBXFileReference section */
		86286497CBAFF5AA1B4A1BFE /* Pods-WXMessageKitExample.debug.xcconfig */ = {isa = PBXFileReference; includeInIndex = 1; lastKnownFileType = text.xcconfig; name = "Pods-WXMessageKitExample.debug.xcconfig"; path = "Target Support Files/Pods-WXMessageKitExample/Pods-WXMessageKitExample.debug.xcconfig"; sourceTree = "<group>"; };
		959B31C05316AA194874271B /* Pods_WXMessageKitExample.framework */ = {isa = PBXFileReference; explicitFileType = wrapper.framework; includeInIndex = 0; path = Pods_WXMessageKitExample.framework; sourceTree = BUILT_PRODUCTS_DIR; };
		A3F89C682410D13D00202710 /* WXMessageKitExample.app */ = {isa = PBXFileReference; explicitFileType = wrapper.application; includeInIndex = 0; path = WXMessageKitExample.app; sourceTree = BUILT_PRODUCTS_DIR; };
		A3F89C6B2410D13D00202710 /* AppDelegate.swift */ = {isa = PBXFileReference; lastKnownFileType = sourcecode.swift; path = AppDelegate.swift; sourceTree = "<group>"; };
		A3F89C6D2410D13D00202710 /* SceneDelegate.swift */ = {isa = PBXFileReference; lastKnownFileType = sourcecode.swift; path = SceneDelegate.swift; sourceTree = "<group>"; };
		A3F89C6F2410D13D00202710 /* ViewController.swift */ = {isa = PBXFileReference; lastKnownFileType = sourcecode.swift; path = ViewController.swift; sourceTree = "<group>"; };
		A3F89C722410D13D00202710 /* Base */ = {isa = PBXFileReference; lastKnownFileType = file.storyboard; name = Base; path = Base.lproj/Main.storyboard; sourceTree = "<group>"; };
		A3F89C742410D14000202710 /* Assets.xcassets */ = {isa = PBXFileReference; lastKnownFileType = folder.assetcatalog; path = Assets.xcassets; sourceTree = "<group>"; };
		A3F89C772410D14000202710 /* Base */ = {isa = PBXFileReference; lastKnownFileType = file.storyboard; name = Base; path = Base.lproj/LaunchScreen.storyboard; sourceTree = "<group>"; };
		A3F89C792410D14000202710 /* Info.plist */ = {isa = PBXFileReference; lastKnownFileType = text.plist.xml; path = Info.plist; sourceTree = "<group>"; };
		A9633E56065AFBA9070B1CD1 /* Pods-WXMessageKitExample.release.xcconfig */ = {isa = PBXFileReference; includeInIndex = 1; lastKnownFileType = text.xcconfig; name = "Pods-WXMessageKitExample.release.xcconfig"; path = "Target Support Files/Pods-WXMessageKitExample/Pods-WXMessageKitExample.release.xcconfig"; sourceTree = "<group>"; };
/* End PBXFileReference section */

/* Begin PBXFrameworksBuildPhase section */
		A3F89C652410D13D00202710 /* Frameworks */ = {
			isa = PBXFrameworksBuildPhase;
			buildActionMask = 2147483647;
			files = (
				6F8C70035F53864B0666453D /* Pods_WXMessageKitExample.framework in Frameworks */,
			);
			runOnlyForDeploymentPostprocessing = 0;
		};
/* End PBXFrameworksBuildPhase section */

/* Begin PBXGroup section */
		598BC7632F896DB551690B6E /* Pods */ = {
			isa = PBXGroup;
			children = (
				86286497CBAFF5AA1B4A1BFE /* Pods-WXMessageKitExample.debug.xcconfig */,
				A9633E56065AFBA9070B1CD1 /* Pods-WXMessageKitExample.release.xcconfig */,
			);
			name = Pods;
			path = Pods;
			sourceTree = "<group>";
		};
		98F2C1509F2C8D02A60EE988 /* Frameworks */ = {
			isa = PBXGroup;
			children = (
				959B31C05316AA194874271B /* Pods_WXMessageKitExample.framework */,
			);
			name = Frameworks;
			sourceTree = "<group>";
		};
		A3F89C5F2410D13D00202710 = {
			isa = PBXGroup;
			children = (
				A3F89C6A2410D13D00202710 /* WXMessageKitExample */,
				A3F89C692410D13D00202710 /* Products */,
				598BC7632F896DB551690B6E /* Pods */,
				98F2C1509F2C8D02A60EE988 /* Frameworks */,
			);
			sourceTree = "<group>";
		};
		A3F89C692410D13D00202710 /* Products */ = {
			isa = PBXGroup;
			children = (
				A3F89C682410D13D00202710 /* WXMessageKitExample.app */,
			);
			name = Products;
			sourceTree = "<group>";
		};
		A3F89C6A2410D13D00202710 /* WXMessageKitExample */ = {
			isa = PBXGroup;
			children = (
				A3F89C6B2410D13D00202710 /* AppDelegate.swift */,
				A3F89C6D2410D13D00202710 /* SceneDelegate.swift */,
				A3F89C6F2410D13D00202710 /* ViewController.swift */,
				A3F89C712410D13D00202710 /* Main.storyboard */,
				A3F89C742410D14000202710 /* Assets.xcassets */,
				A3F89C762410D14000202710 /* LaunchScreen.storyboard */,
				A3F89C792410D14000202710 /* Info.plist */,
			);
			path = WXMessageKitExample;
			sourceTree = "<group>";
		};
/* End PBXGroup section */

/* Begin PBXNativeTarget section */
		A3F89C672410D13D00202710 /* WXMessageKitExample */ = {
			isa = PBXNativeTarget;
			buildConfigurationList = A3F89C7C2410D14000202710 /* Build configuration list for PBXNativeTarget "WXMessageKitExample" */;
			buildPhases = (
				77423BEBFA34A220C4D401BA /* [CP] Check Pods Manifest.lock */,
				A3F89C642410D13D00202710 /* Sources */,
				A3F89C652410D13D00202710 /* Frameworks */,
				A3F89C662410D13D00202710 /* Resources */,
				F5F6ED518ED31829CE4113FE /* [CP] Embed Pods Frameworks */,
			);
			buildRules = (
			);
			dependencies = (
			);
			name = WXMessageKitExample;
			productName = WXMessageKitExample;
			productReference = A3F89C682410D13D00202710 /* WXMessageKitExample.app */;
			productType = "com.apple.product-type.application";
		};
/* End PBXNativeTarget section */

/* Begin PBXProject section */
		A3F89C602410D13D00202710 /* Project object */ = {
			isa = PBXProject;
			attributes = {
				LastSwiftUpdateCheck = 1130;
				LastUpgradeCheck = 1130;
				ORGANIZATIONNAME = alexiscn;
				TargetAttributes = {
					A3F89C672410D13D00202710 = {
						CreatedOnToolsVersion = 11.3.1;
					};
				};
			};
			buildConfigurationList = A3F89C632410D13D00202710 /* Build configuration list for PBXProject "WXMessageKitExample" */;
			compatibilityVersion = "Xcode 9.3";
			developmentRegion = en;
			hasScannedForEncodings = 0;
			knownRegions = (
				en,
				Base,
			);
			mainGroup = A3F89C5F2410D13D00202710;
			productRefGroup = A3F89C692410D13D00202710 /* Products */;
			projectDirPath = "";
			projectRoot = "";
			targets = (
				A3F89C672410D13D00202710 /* WXMessageKitExample */,
			);
		};
/* End PBXProject section */

/* Begin PBXResourcesBuildPhase section */
		A3F89C662410D13D00202710 /* Resources */ = {
			isa = PBXResourcesBuildPhase;
			buildActionMask = 2147483647;
			files = (
				A3F89C782410D14000202710 /* LaunchScreen.storyboard in Resources */,
				A3F89C752410D14000202710 /* Assets.xcassets in Resources */,
				A3F89C732410D13D00202710 /* Main.storyboard in Resources */,
			);
			runOnlyForDeploymentPostprocessing = 0;
		};
/* End PBXResourcesBuildPhase section */

/* Begin PBXShellScriptBuildPhase section */
		77423BEBFA34A220C4D401BA /* [CP] Check Pods Manifest.lock */ = {
			isa = PBXShellScriptBuildPhase;
			buildActionMask = 2147483647;
			files = (
			);
			inputFileListPaths = (
			);
			inputPaths = (
				"${PODS_PODFILE_DIR_PATH}/Podfile.lock",
				"${PODS_ROOT}/Manifest.lock",
			);
			name = "[CP] Check Pods Manifest.lock";
			outputFileListPaths = (
			);
			outputPaths = (
				"$(DERIVED_FILE_DIR)/Pods-WXMessageKitExample-checkManifestLockResult.txt",
			);
			runOnlyForDeploymentPostprocessing = 0;
			shellPath = /bin/sh;
			shellScript = "diff \"${PODS_PODFILE_DIR_PATH}/Podfile.lock\" \"${PODS_ROOT}/Manifest.lock\" > /dev/null\nif [ $? != 0 ] ; then\n    # print error to STDERR\n    echo \"error: The sandbox is not in sync with the Podfile.lock. Run 'pod install' or update your CocoaPods installation.\" >&2\n    exit 1\nfi\n# This output is used by Xcode 'outputs' to avoid re-running this script phase.\necho \"SUCCESS\" > \"${SCRIPT_OUTPUT_FILE_0}\"\n";
			showEnvVarsInLog = 0;
		};
		F5F6ED518ED31829CE4113FE /* [CP] Embed Pods Frameworks */ = {
			isa = PBXShellScriptBuildPhase;
			buildActionMask = 2147483647;
			files = (
			);
			inputFileListPaths = (
				"${PODS_ROOT}/Target Support Files/Pods-WXMessageKitExample/Pods-WXMessageKitExample-frameworks-${CONFIGURATION}-input-files.xcfilelist",
			);
			name = "[CP] Embed Pods Frameworks";
			outputFileListPaths = (
				"${PODS_ROOT}/Target Support Files/Pods-WXMessageKitExample/Pods-WXMessageKitExample-frameworks-${CONFIGURATION}-output-files.xcfilelist",
			);
			runOnlyForDeploymentPostprocessing = 0;
			shellPath = /bin/sh;
			shellScript = "\"${PODS_ROOT}/Target Support Files/Pods-WXMessageKitExample/Pods-WXMessageKitExample-frameworks.sh\"\n";
			showEnvVarsInLog = 0;
		};
/* End PBXShellScriptBuildPhase section */

/* Begin PBXSourcesBuildPhase section */
		A3F89C642410D13D00202710 /* Sources */ = {
			isa = PBXSourcesBuildPhase;
			buildActionMask = 2147483647;
			files = (
				A3F89C702410D13D00202710 /* ViewController.swift in Sources */,
				A3F89C6C2410D13D00202710 /* AppDelegate.swift in Sources */,
				A3F89C6E2410D13D00202710 /* SceneDelegate.swift in Sources */,
			);
			runOnlyForDeploymentPostprocessing = 0;
		};
/* End PBXSourcesBuildPhase section */

/* Begin PBXVariantGroup section */
		A3F89C712410D13D00202710 /* Main.storyboard */ = {
			isa = PBXVariantGroup;
			children = (
				A3F89C722410D13D00202710 /* Base */,
			);
			name = Main.storyboard;
			sourceTree = "<group>";
		};
		A3F89C762410D14000202710 /* LaunchScreen.storyboard */ = {
			isa = PBXVariantGroup;
			children = (
				A3F89C772410D14000202710 /* Base */,
			);
			name = LaunchScreen.storyboard;
			sourceTree = "<group>";
		};
/* End PBXVariantGroup section */

/* Begin XCBuildConfiguration section */
		A3F89C7A2410D14000202710 /* Debug */ = {
			isa = XCBuildConfiguration;
			buildSettings = {
				ALWAYS_SEARCH_USER_PATHS = NO;
				CLANG_ANALYZER_NONNULL = YES;
				CLANG_ANALYZER_NUMBER_OBJECT_CONVERSION = YES_AGGRESSIVE;
				CLANG_CXX_LANGUAGE_STANDARD = "gnu++14";
				CLANG_CXX_LIBRARY = "libc++";
				CLANG_ENABLE_MODULES = YES;
				CLANG_ENABLE_OBJC_ARC = YES;
				CLANG_ENABLE_OBJC_WEAK = YES;
				CLANG_WARN_BLOCK_CAPTURE_AUTORELEASING = YES;
				CLANG_WARN_BOOL_CONVERSION = YES;
				CLANG_WARN_COMMA = YES;
				CLANG_WARN_CONSTANT_CONVERSION = YES;
				CLANG_WARN_DEPRECATED_OBJC_IMPLEMENTATIONS = YES;
				CLANG_WARN_DIRECT_OBJC_ISA_USAGE = YES_ERROR;
				CLANG_WARN_DOCUMENTATION_COMMENTS = YES;
				CLANG_WARN_EMPTY_BODY = YES;
				CLANG_WARN_ENUM_CONVERSION = YES;
				CLANG_WARN_INFINITE_RECURSION = YES;
				CLANG_WARN_INT_CONVERSION = YES;
				CLANG_WARN_NON_LITERAL_NULL_CONVERSION = YES;
				CLANG_WARN_OBJC_IMPLICIT_RETAIN_SELF = YES;
				CLANG_WARN_OBJC_LITERAL_CONVERSION = YES;
				CLANG_WARN_OBJC_ROOT_CLASS = YES_ERROR;
				CLANG_WARN_RANGE_LOOP_ANALYSIS = YES;
				CLANG_WARN_STRICT_PROTOTYPES = YES;
				CLANG_WARN_SUSPICIOUS_MOVE = YES;
				CLANG_WARN_UNGUARDED_AVAILABILITY = YES_AGGRESSIVE;
				CLANG_WARN_UNREACHABLE_CODE = YES;
				CLANG_WARN__DUPLICATE_METHOD_MATCH = YES;
				COPY_PHASE_STRIP = NO;
				DEBUG_INFORMATION_FORMAT = dwarf;
				ENABLE_STRICT_OBJC_MSGSEND = YES;
				ENABLE_TESTABILITY = YES;
				GCC_C_LANGUAGE_STANDARD = gnu11;
				GCC_DYNAMIC_NO_PIC = NO;
				GCC_NO_COMMON_BLOCKS = YES;
				GCC_OPTIMIZATION_LEVEL = 0;
				GCC_PREPROCESSOR_DEFINITIONS = (
					"DEBUG=1",
					"$(inherited)",
				);
				GCC_WARN_64_TO_32_BIT_CONVERSION = YES;
				GCC_WARN_ABOUT_RETURN_TYPE = YES_ERROR;
				GCC_WARN_UNDECLARED_SELECTOR = YES;
				GCC_WARN_UNINITIALIZED_AUTOS = YES_AGGRESSIVE;
				GCC_WARN_UNUSED_FUNCTION = YES;
				GCC_WARN_UNUSED_VARIABLE = YES;
				IPHONEOS_DEPLOYMENT_TARGET = 13.2;
				MTL_ENABLE_DEBUG_INFO = INCLUDE_SOURCE;
				MTL_FAST_MATH = YES;
				ONLY_ACTIVE_ARCH = YES;
				SDKROOT = iphoneos;
				SWIFT_ACTIVE_COMPILATION_CONDITIONS = DEBUG;
				SWIFT_OPTIMIZATION_LEVEL = "-Onone";
			};
			name = Debug;
		};
		A3F89C7B2410D14000202710 /* Release */ = {
			isa = XCBuildConfiguration;
			buildSettings = {
				ALWAYS_SEARCH_USER_PATHS = NO;
				CLANG_ANALYZER_NONNULL = YES;
				CLANG_ANALYZER_NUMBER_OBJECT_CONVERSION = YES_AGGRESSIVE;
				CLANG_CXX_LANGUAGE_STANDARD = "gnu++14";
				CLANG_CXX_LIBRARY = "libc++";
				CLANG_ENABLE_MODULES = YES;
				CLANG_ENABLE_OBJC_ARC = YES;
				CLANG_ENABLE_OBJC_WEAK = YES;
				CLANG_WARN_BLOCK_CAPTURE_AUTORELEASING = YES;
				CLANG_WARN_BOOL_CONVERSION = YES;
				CLANG_WARN_COMMA = YES;
				CLANG_WARN_CONSTANT_CONVERSION = YES;
				CLANG_WARN_DEPRECATED_OBJC_IMPLEMENTATIONS = YES;
				CLANG_WARN_DIRECT_OBJC_ISA_USAGE = YES_ERROR;
				CLANG_WARN_DOCUMENTATION_COMMENTS = YES;
				CLANG_WARN_EMPTY_BODY = YES;
				CLANG_WARN_ENUM_CONVERSION = YES;
				CLANG_WARN_INFINITE_RECURSION = YES;
				CLANG_WARN_INT_CONVERSION = YES;
				CLANG_WARN_NON_LITERAL_NULL_CONVERSION = YES;
				CLANG_WARN_OBJC_IMPLICIT_RETAIN_SELF = YES;
				CLANG_WARN_OBJC_LITERAL_CONVERSION = YES;
				CLANG_WARN_OBJC_ROOT_CLASS = YES_ERROR;
				CLANG_WARN_RANGE_LOOP_ANALYSIS = YES;
				CLANG_WARN_STRICT_PROTOTYPES = YES;
				CLANG_WARN_SUSPICIOUS_MOVE = YES;
				CLANG_WARN_UNGUARDED_AVAILABILITY = YES_AGGRESSIVE;
				CLANG_WARN_UNREACHABLE_CODE = YES;
				CLANG_WARN__DUPLICATE_METHOD_MATCH = YES;
				COPY_PHASE_STRIP = NO;
				DEBUG_INFORMATION_FORMAT = "dwarf-with-dsym";
				ENABLE_NS_ASSERTIONS = NO;
				ENABLE_STRICT_OBJC_MSGSEND = YES;
				GCC_C_LANGUAGE_STANDARD = gnu11;
				GCC_NO_COMMON_BLOCKS = YES;
				GCC_WARN_64_TO_32_BIT_CONVERSION = YES;
				GCC_WARN_ABOUT_RETURN_TYPE = YES_ERROR;
				GCC_WARN_UNDECLARED_SELECTOR = YES;
				GCC_WARN_UNINITIALIZED_AUTOS = YES_AGGRESSIVE;
				GCC_WARN_UNUSED_FUNCTION = YES;
				GCC_WARN_UNUSED_VARIABLE = YES;
				IPHONEOS_DEPLOYMENT_TARGET = 13.2;
				MTL_ENABLE_DEBUG_INFO = NO;
				MTL_FAST_MATH = YES;
				SDKROOT = iphoneos;
				SWIFT_COMPILATION_MODE = wholemodule;
				SWIFT_OPTIMIZATION_LEVEL = "-O";
				VALIDATE_PRODUCT = YES;
			};
			name = Release;
		};
		A3F89C7D2410D14000202710 /* Debug */ = {
			isa = XCBuildConfiguration;
			baseConfigurationReference = 86286497CBAFF5AA1B4A1BFE /* Pods-WXMessageKitExample.debug.xcconfig */;
			buildSettings = {
				ASSETCATALOG_COMPILER_APPICON_NAME = AppIcon;
				CODE_SIGN_STYLE = Automatic;
				DEVELOPMENT_TEAM = LX863G777H;
				INFOPLIST_FILE = WXMessageKitExample/Info.plist;
				LD_RUNPATH_SEARCH_PATHS = (
					"$(inherited)",
					"@executable_path/Frameworks",
				);
				PRODUCT_BUNDLE_IDENTIFIER = me.shuifeng.WXMessageKitExample;
				PRODUCT_NAME = "$(TARGET_NAME)";
				SWIFT_VERSION = 5.0;
				TARGETED_DEVICE_FAMILY = "1,2";
			};
			name = Debug;
		};
		A3F89C7E2410D14000202710 /* Release */ = {
			isa = XCBuildConfiguration;
			baseConfigurationReference = A9633E56065AFBA9070B1CD1 /* Pods-WXMessageKitExample.release.xcconfig */;
			buildSettings = {
				ASSETCATALOG_COMPILER_APPICON_NAME = AppIcon;
				CODE_SIGN_STYLE = Automatic;
				DEVELOPMENT_TEAM = LX863G777H;
				INFOPLIST_FILE = WXMessageKitExample/Info.plist;
				LD_RUNPATH_SEARCH_PATHS = (
					"$(inherited)",
					"@executable_path/Frameworks",
				);
				PRODUCT_BUNDLE_IDENTIFIER = me.shuifeng.WXMessageKitExample;
				PRODUCT_NAME = "$(TARGET_NAME)";
				SWIFT_VERSION = 5.0;
				TARGETED_DEVICE_FAMILY = "1,2";
			};
			name = Release;
		};
/* End XCBuildConfiguration section */

/* Begin XCConfigurationList section */
		A3F89C632410D13D00202710 /* Build configuration list for PBXProject "WXMessageKitExample" */ = {
			isa = XCConfigurationList;
			buildConfigurations = (
				A3F89C7A2410D14000202710 /* Debug */,
				A3F89C7B2410D14000202710 /* Release */,
			);
			defaultConfigurationIsVisible = 0;
			defaultConfigurationName = Release;
		};
		A3F89C7C2410D14000202710 /* Build configuration list for PBXNativeTarget "WXMessageKitExample" */ = {
			isa = XCConfigurationList;
			buildConfigurations = (
				A3F89C7D2410D14000202710 /* Debug */,
				A3F89C7E2410D14000202710 /* Release */,
			);
			defaultConfigurationIsVisible = 0;
			defaultConfigurationName = Release;
		};
/* End XCConfigurationList section */
	};
	rootObject = A3F89C602410D13D00202710 /* Project object */;
}
